
Microsoft Visual Studio Solution File, Format Version 12.00
# Visual Studio Version 17
VisualStudioVersion = 17.4.33103.184
MinimumVisualStudioVersion = 10.0.40219.1
Project("{8BC9CEB8-8B4A-11D0-8D11-00A0C91BC942}") = "AI_Detyra_2b", "AI_Detyra_2b\AI_Detyra_2b.vcxproj", "{BA3A7AC4-5339-4253-B196-F21F074039CA}"
EndProject
Global
	GlobalSection(SolutionConfigurationPlatforms) = preSolution
		Debug|x64 = Debug|x64
		Debug|x86 = Debug|x86
		Release|x64 = Release|x64
		Release|x86 = Release|x86
	EndGlobalSection
	GlobalSection(ProjectConfigurationPlatforms) = postSolution
		{BA3A7AC4-5339-4253-B196-F21F074039CA}.Debug|x64.ActiveCfg = Debug|x64
		{BA3A7AC4-5339-4253-B196-F21F074039CA}.Debug|x64.Build.0 = Debug|x64
		{BA3A7AC4-5339-4253-B196-F21F074039CA}.Debug|x86.ActiveCfg = Debug|Win32
		{BA3A7AC4-5339-4253-B196-F21F074039CA}.Debug|x86.Build.0 = Debug|Win32
		{BA3A7AC4-5339-4253-B196-F21F074039CA}.Release|x64.ActiveCfg = Release|x64
		{BA3A7AC4-5339-4253-B196-F21F074039CA}.Release|x64.Build.0 = Release|x64
		{BA3A7AC4-5339-4253-B196-F21F074039CA}.Release|x86.ActiveCfg = Release|Win32
		{BA3A7AC4-5339-4253-B196-F21F074039CA}.Release|x86.Build.0 = Release|Win32
	EndGlobalSection
	GlobalSection(SolutionProperties) = preSolution
		HideSolutionNode = FALSE
	EndGlobalSection
	GlobalSection(ExtensibilityGlobals) = postSolution
		SolutionGuid = {48D5EA4D-EBCF-44E4-AE56-22CF0D7935D4}
	EndGlobalSection
EndGlobal
